# THIS IS AN AUTOGENERATED FILE. DO NOT EDIT THIS FILE DIRECTLY.
# yarn lockfile v1


babel-plugin-inline-dotenv@^1.7.0:
  version "1.7.0"
  resolved "https://registry.yarnpkg.com/babel-plugin-inline-dotenv/-/babel-plugin-inline-dotenv-1.7.0.tgz#c4b9f9752678be4b49a6b5d3d2b47def741a4d5f"
  integrity sha512-FUrXEwY9R9ZO8l0NFHqXFBzHjjMvdIJlELrzJoE6imDsj6Vh7g9svm7iHPHVYPbHmt6BPB2eCAJkwvG6kr5byg==
  dependencies:
    dotenv "^16.0.0"

dotenv@^16.0.0:
  version "16.0.3"
  resolved "https://registry.yarnpkg.com/dotenv/-/dotenv-16.0.3.tgz#115aec42bac5053db3c456db30cc243a5a836a07"
  integrity sha512-7GO6HghkA5fYG9TYnNxi14/7K9f5occMlp3zXAuSxn7CKCxt9xbNWG7yF8hTCSUchlfWSe3uLmlPfigevRItzQ==
